
Microsoft Visual Studio Solution File, Format Version 12.00
# Visual Studio 15
VisualStudioVersion = 15.0.28010.2036
MinimumVisualStudioVersion = 10.0.40219.1
Project("{9A19103F-16F7-4668-BE54-9A1E7A4F7556}") = "LogEmOff", "LogEmOff\LogEmOff.csproj", "{3F37B846-FC73-4B3D-87AE-A0894688E6B3}"
EndProject
Project("{FAE04EC0-301F-11D3-BF4B-00C04F79EFBC}") = "LogEmOffUI", "LogEmOffUI\LogEmOffUI.csproj", "{D09B29DF-AA6F-4BC8-BB79-077092712E38}"
EndProject
Global
	GlobalSection(SolutionConfigurationPlatforms) = preSolution
		Debug|Any CPU = Debug|Any CPU
		Release|Any CPU = Release|Any CPU
	EndGlobalSection
	GlobalSection(ProjectConfigurationPlatforms) = postSolution
		{3F37B846-FC73-4B3D-87AE-A0894688E6B3}.Debug|Any CPU.ActiveCfg = Debug|Any CPU
		{3F37B846-FC73-4B3D-87AE-A0894688E6B3}.Debug|Any CPU.Build.0 = Debug|Any CPU
		{3F37B846-FC73-4B3D-87AE-A0894688E6B3}.Release|Any CPU.ActiveCfg = Release|Any CPU
		{3F37B846-FC73-4B3D-87AE-A0894688E6B3}.Release|Any CPU.Build.0 = Release|Any CPU
		{D09B29DF-AA6F-4BC8-BB79-077092712E38}.Debug|Any CPU.ActiveCfg = Debug|Any CPU
		{D09B29DF-AA6F-4BC8-BB79-077092712E38}.Debug|Any CPU.Build.0 = Debug|Any CPU
		{D09B29DF-AA6F-4BC8-BB79-077092712E38}.Release|Any CPU.ActiveCfg = Release|Any CPU
		{D09B29DF-AA6F-4BC8-BB79-077092712E38}.Release|Any CPU.Build.0 = Release|Any CPU
	EndGlobalSection
	GlobalSection(SolutionProperties) = preSolution
		HideSolutionNode = FALSE
	EndGlobalSection
	GlobalSection(ExtensibilityGlobals) = postSolution
		SolutionGuid = {EB990993-48F2-48A9-BF40-F9B98A83B43C}
	EndGlobalSection
EndGlobal
